// !$*UTF8*$!
{
	archiveVersion = 1;
	classes = {
	};
	objectVersion = 46;
	objects = {

/* Begin PBXBuildFile section */
		845DF0771B1E5E4C0049A479 /* main.m in Sources */ = {isa = PBXBuildFile; fileRef = 845DF0761B1E5E4C0049A479 /* main.m */; };
		845DF07A1B1E5E4C0049A479 /* AppDelegate.m in Sources */ = {isa = PBXBuildFile; fileRef = 845DF0791B1E5E4C0049A479 /* AppDelegate.m */; };
		845DF07D1B1E5E4C0049A479 /* GOTCharacters.xcdatamodeld in Sources */ = {isa = PBXBuildFile; fileRef = 845DF07B1B1E5E4C0049A479 /* GOTCharacters.xcdatamodeld */; };
		845DF0801B1E5E4C0049A479 /* ViewController.m in Sources */ = {isa = PBXBuildFile; fileRef = 845DF07F1B1E5E4C0049A479 /* ViewController.m */; };
		845DF0831B1E5E4C0049A479 /* Main.storyboard in Resources */ = {isa = PBXBuildFile; fileRef = 845DF0811B1E5E4C0049A479 /* Main.storyboard */; };
		845DF0851B1E5E4C0049A479 /* Images.xcassets in Resources */ = {isa = PBXBuildFile; fileRef = 845DF0841B1E5E4C0049A479 /* Images.xcassets */; };
		845DF0881B1E5E4C0049A479 /* LaunchScreen.xib in Resources */ = {isa = PBXBuildFile; fileRef = 845DF0861B1E5E4C0049A479 /* LaunchScreen.xib */; };
		845DF0941B1E5E4C0049A479 /* GOTCharactersTests.m in Sources */ = {isa = PBXBuildFile; fileRef = 845DF0931B1E5E4C0049A479 /* GOTCharactersTests.m */; };
/* End PBXBuildFile section */

/* Begin PBXContainerItemProxy section */
		845DF08E1B1E5E4C0049A479 /* PBXContainerItemProxy */ = {
			isa = PBXContainerItemProxy;
			containerPortal = 845DF0691B1E5E4C0049A479 /* Project object */;
			proxyType = 1;
			remoteGlobalIDString = 845DF0701B1E5E4C0049A479;
			remoteInfo = GOTCharacters;
		};
/* End PBXContainerItemProxy section */

/* Begin PBXFileReference section */
		845DF0711B1E5E4C0049A479 /* GOTCharacters.app */ = {isa = PBXFileReference; explicitFileType = wrapper.application; includeInIndex = 0; path = GOTCharacters.app; sourceTree = BUILT_PRODUCTS_DIR; };
		845DF0751B1E5E4C0049A479 /* Info.plist */ = {isa = PBXFileReference; lastKnownFileType = text.plist.xml; path = Info.plist; sourceTree = "<group>"; };
		845DF0761B1E5E4C0049A479 /* main.m */ = {isa = PBXFileReference; lastKnownFileType = sourcecode.c.objc; path = main.m; sourceTree = "<group>"; };
		845DF0781B1E5E4C0049A479 /* AppDelegate.h */ = {isa = PBXFileReference; lastKnownFileType = sourcecode.c.h; path = AppDelegate.h; sourceTree = "<group>"; };
		845DF0791B1E5E4C0049A479 /* AppDelegate.m */ = {isa = PBXFileReference; lastKnownFileType = sourcecode.c.objc; path = AppDelegate.m; sourceTree = "<group>"; };
		845DF07C1B1E5E4C0049A479 /* GOTCharacters.xcdatamodel */ = {isa = PBXFileReference; lastKnownFileType = wrapper.xcdatamodel; path = GOTCharacters.xcdatamodel; sourceTree = "<group>"; };
		845DF07E1B1E5E4C0049A479 /* ViewController.h */ = {isa = PBXFileReference; lastKnownFileType = sourcecode.c.h; path = ViewController.h; sourceTree = "<group>"; };
		845DF07F1B1E5E4C0049A479 /* ViewController.m */ = {isa = PBXFileReference; lastKnownFileType = sourcecode.c.objc; path = ViewController.m; sourceTree = "<group>"; };
		845DF0821B1E5E4C0049A479 /* Base */ = {isa = PBXFileReference; lastKnownFileType = file.storyboard; name = Base; path = Base.lproj/Main.storyboard; sourceTree = "<group>"; };
		845DF0841B1E5E4C0049A479 /* Images.xcassets */ = {isa = PBXFileReference; lastKnownFileType = folder.assetcatalog; path = Images.xcassets; sourceTree = "<group>"; };
		845DF0871B1E5E4C0049A479 /* Base */ = {isa = PBXFileReference; lastKnownFileType = file.xib; name = Base; path = Base.lproj/LaunchScreen.xib; sourceTree = "<group>"; };
		845DF08D1B1E5E4C0049A479 /* GOTCharactersTests.xctest */ = {isa = PBXFileReference; explicitFileType = wrapper.cfbundle; includeInIndex = 0; path = GOTCharactersTests.xctest; sourceTree = BUILT_PRODUCTS_DIR; };
		845DF0921B1E5E4C0049A479 /* Info.plist */ = {isa = PBXFileReference; lastKnownFileType = text.plist.xml; path = Info.plist; sourceTree = "<group>"; };
		845DF0931B1E5E4C0049A479 /* GOTCharactersTests.m */ = {isa = PBXFileReference; lastKnownFileType = sourcecode.c.objc; path = GOTCharactersTests.m; sourceTree = "<group>"; };
/* End PBXFileReference section */

/* Begin PBXFrameworksBuildPhase section */
		845DF06E1B1E5E4C0049A479 /* Frameworks */ = {
			isa = PBXFrameworksBuildPhase;
			buildActionMask = 2147483647;
			files = (
			);
			runOnlyForDeploymentPostprocessing = 0;
		};
		845DF08A1B1E5E4C0049A479 /* Frameworks */ = {
			isa = PBXFrameworksBuildPhase;
			buildActionMask = 2147483647;
			files = (
			);
			runOnlyForDeploymentPostprocessing = 0;
		};
/* End PBXFrameworksBuildPhase section */

/* Begin PBXGroup section */
		845DF0681B1E5E4C0049A479 = {
			isa = PBXGroup;
			children = (
				845DF0731B1E5E4C0049A479 /* GOTCharacters */,
				845DF0901B1E5E4C0049A479 /* GOTCharactersTests */,
				845DF0721B1E5E4C0049A479 /* Products */,
			);
			sourceTree = "<group>";
		};
		845DF0721B1E5E4C0049A479 /* Products */ = {
			isa = PBXGroup;
			children = (
				845DF0711B1E5E4C0049A479 /* GOTCharacters.app */,
				845DF08D1B1E5E4C0049A479 /* GOTCharactersTests.xctest */,
			);
			name = Products;
			sourceTree = "<group>";
		};
		845DF0731B1E5E4C0049A479 /* GOTCharacters */ = {
			isa = PBXGroup;
			children = (
				845DF0781B1E5E4C0049A479 /* AppDelegate.h */,
				845DF0791B1E5E4C0049A479 /* AppDelegate.m */,
				845DF07E1B1E5E4C0049A479 /* ViewController.h */,
				845DF07F1B1E5E4C0049A479 /* ViewController.m */,
				845DF0811B1E5E4C0049A479 /* Main.storyboard */,
				845DF0841B1E5E4C0049A479 /* Images.xcassets */,
				845DF0861B1E5E4C0049A479 /* LaunchScreen.xib */,
				845DF07B1B1E5E4C0049A479 /* GOTCharacters.xcdatamodeld */,
				845DF0741B1E5E4C0049A479 /* Supporting Files */,
			);
			path = GOTCharacters;
			sourceTree = "<group>";
		};
		845DF0741B1E5E4C0049A479 /* Supporting Files */ = {
			isa = PBXGroup;
			children = (
				845DF0751B1E5E4C0049A479 /* Info.plist */,
				845DF0761B1E5E4C0049A479 /* main.m */,
			);
			name = "Supporting Files";
			sourceTree = "<group>";
		};
		845DF0901B1E5E4C0049A479 /* GOTCharactersTests */ = {
			isa = PBXGroup;
			children = (
				845DF0931B1E5E4C0049A479 /* GOTCharactersTests.m */,
				845DF0911B1E5E4C0049A479 /* Supporting Files */,
			);
			path = GOTCharactersTests;
			sourceTree = "<group>";
		};
		845DF0911B1E5E4C0049A479 /* Supporting Files */ = {
			isa = PBXGroup;
			children = (
				845DF0921B1E5E4C0049A479 /* Info.plist */,
			);
			name = "Supporting Files";
			sourceTree = "<group>";
		};
/* End PBXGroup section */

/* Begin PBXNativeTarget section */
		845DF0701B1E5E4C0049A479 /* GOTCharacters */ = {
			isa = PBXNativeTarget;
			buildConfigurationList = 845DF0971B1E5E4C0049A479 /* Build configuration list for PBXNativeTarget "GOTCharacters" */;
			buildPhases = (
				845DF06D1B1E5E4C0049A479 /* Sources */,
				845DF06E1B1E5E4C0049A479 /* Frameworks */,
				845DF06F1B1E5E4C0049A479 /* Resources */,
			);
			buildRules = (
			);
			dependencies = (
			);
			name = GOTCharacters;
			productName = GOTCharacters;
			productReference = 845DF0711B1E5E4C0049A479 /* GOTCharacters.app */;
			productType = "com.apple.product-type.application";
		};
		845DF08C1B1E5E4C0049A479 /* GOTCharactersTests */ = {
			isa = PBXNativeTarget;
			buildConfigurationList = 845DF09A1B1E5E4C0049A479 /* Build configuration list for PBXNativeTarget "GOTCharactersTests" */;
			buildPhases = (
				845DF0891B1E5E4C0049A479 /* Sources */,
				845DF08A1B1E5E4C0049A479 /* Frameworks */,
				845DF08B1B1E5E4C0049A479 /* Resources */,
			);
			buildRules = (
			);
			dependencies = (
				845DF08F1B1E5E4C0049A479 /* PBXTargetDependency */,
			);
			name = GOTCharactersTests;
			productName = GOTCharactersTests;
			productReference = 845DF08D1B1E5E4C0049A479 /* GOTCharactersTests.xctest */;
			productType = "com.apple.product-type.bundle.unit-test";
		};
/* End PBXNativeTarget section */

/* Begin PBXProject section */
		845DF0691B1E5E4C0049A479 /* Project object */ = {
			isa = PBXProject;
			attributes = {
				LastUpgradeCheck = 0630;
				ORGANIZATIONNAME = "Brent Dady";
				TargetAttributes = {
					845DF0701B1E5E4C0049A479 = {
						CreatedOnToolsVersion = 6.3.2;
					};
					845DF08C1B1E5E4C0049A479 = {
						CreatedOnToolsVersion = 6.3.2;
						TestTargetID = 845DF0701B1E5E4C0049A479;
					};
				};
			};
			buildConfigurationList = 845DF06C1B1E5E4C0049A479 /* Build configuration list for PBXProject "GOTCharacters" */;
			compatibilityVersion = "Xcode 3.2";
			developmentRegion = English;
			hasScannedForEncodings = 0;
			knownRegions = (
				en,
				Base,
			);
			mainGroup = 845DF0681B1E5E4C0049A479;
			productRefGroup = 845DF0721B1E5E4C0049A479 /* Products */;
			projectDirPath = "";
			projectRoot = "";
			targets = (
				845DF0701B1E5E4C0049A479 /* GOTCharacters */,
				845DF08C1B1E5E4C0049A479 /* GOTCharactersTests */,
			);
		};
/* End PBXProject section */

/* Begin PBXResourcesBuildPhase section */
		845DF06F1B1E5E4C0049A479 /* Resources */ = {
			isa = PBXResourcesBuildPhase;
			buildActionMask = 2147483647;
			files = (
				845DF0831B1E5E4C0049A479 /* Main.storyboard in Resources */,
				845DF0881B1E5E4C0049A479 /* LaunchScreen.xib in Resources */,
				845DF0851B1E5E4C0049A479 /* Images.xcassets in Resources */,
			);
			runOnlyForDeploymentPostprocessing = 0;
		};
		845DF08B1B1E5E4C0049A479 /* Resources */ = {
			isa = PBXResourcesBuildPhase;
			buildActionMask = 2147483647;
			files = (
			);
			runOnlyForDeploymentPostprocessing = 0;
		};
/* End PBXResourcesBuildPhase section */

/* Begin PBXSourcesBuildPhase section */
		845DF06D1B1E5E4C0049A479 /* Sources */ = {
			isa = PBXSourcesBuildPhase;
			buildActionMask = 2147483647;
			files = (
				845DF07A1B1E5E4C0049A479 /* AppDelegate.m in Sources */,
				845DF0771B1E5E4C0049A479 /* main.m in Sources */,
				845DF0801B1E5E4C0049A479 /* ViewController.m in Sources */,
				845DF07D1B1E5E4C0049A479 /* GOTCharacters.xcdatamodeld in Sources */,
			);
			runOnlyForDeploymentPostprocessing = 0;
		};
		845DF0891B1E5E4C0049A479 /* Sources */ = {
			isa = PBXSourcesBuildPhase;
			buildActionMask = 2147483647;
			files = (
				845DF0941B1E5E4C0049A479 /* GOTCharactersTests.m in Sources */,
			);
			runOnlyForDeploymentPostprocessing = 0;
		};
/* End PBXSourcesBuildPhase section */

/* Begin PBXTargetDependency section */
		845DF08F1B1E5E4C0049A479 /* PBXTargetDependency */ = {
			isa = PBXTargetDependency;
			target = 845DF0701B1E5E4C0049A479 /* GOTCharacters */;
			targetProxy = 845DF08E1B1E5E4C0049A479 /* PBXContainerItemProxy */;
		};
/* End PBXTargetDependency section */

/* Begin PBXVariantGroup section */
		845DF0811B1E5E4C0049A479 /* Main.storyboard */ = {
			isa = PBXVariantGroup;
			children = (
				845DF0821B1E5E4C0049A479 /* Base */,
			);
			name = Main.storyboard;
			sourceTree = "<group>";
		};
		845DF0861B1E5E4C0049A479 /* LaunchScreen.xib */ = {
			isa = PBXVariantGroup;
			children = (
				845DF0871B1E5E4C0049A479 /* Base */,
			);
			name = LaunchScreen.xib;
			sourceTree = "<group>";
		};
/* End PBXVariantGroup section */

/* Begin XCBuildConfiguration section */
		845DF0951B1E5E4C0049A479 /* Debug */ = {
			isa = XCBuildConfiguration;
			buildSettings = {
				ALWAYS_SEARCH_USER_PATHS = NO;
				CLANG_CXX_LANGUAGE_STANDARD = "gnu++0x";
				CLANG_CXX_LIBRARY = "libc++";
				CLANG_ENABLE_MODULES = YES;
				CLANG_ENABLE_OBJC_ARC = YES;
				CLANG_WARN_BOOL_CONVERSION = YES;
				CLANG_WARN_CONSTANT_CONVERSION = YES;
				CLANG_WARN_DIRECT_OBJC_ISA_USAGE = YES_ERROR;
				CLANG_WARN_EMPTY_BODY = YES;
				CLANG_WARN_ENUM_CONVERSION = YES;
				CLANG_WARN_INT_CONVERSION = YES;
				CLANG_WARN_OBJC_ROOT_CLASS = YES_ERROR;
				CLANG_WARN_UNREACHABLE_CODE = YES;
				CLANG_WARN__DUPLICATE_METHOD_MATCH = YES;
				"CODE_SIGN_IDENTITY[sdk=iphoneos*]" = "iPhone Developer";
				COPY_PHASE_STRIP = NO;
				DEBUG_INFORMATION_FORMAT = "dwarf-with-dsym";
				ENABLE_STRICT_OBJC_MSGSEND = YES;
				GCC_C_LANGUAGE_STANDARD = gnu99;
				GCC_DYNAMIC_NO_PIC = NO;
				GCC_NO_COMMON_BLOCKS = YES;
				GCC_OPTIMIZATION_LEVEL = 0;
				GCC_PREPROCESSOR_DEFINITIONS = (
					"DEBUG=1",
					"$(inherited)",
				);
				GCC_SYMBOLS_PRIVATE_EXTERN = NO;
				GCC_WARN_64_TO_32_BIT_CONVERSION = YES;
				GCC_WARN_ABOUT_RETURN_TYPE = YES_ERROR;
				GCC_WARN_UNDECLARED_SELECTOR = YES;
				GCC_WARN_UNINITIALIZED_AUTOS = YES_AGGRESSIVE;
				GCC_WARN_UNUSED_FUNCTION = YES;
				GCC_WARN_UNUSED_VARIABLE = YES;
				IPHONEOS_DEPLOYMENT_TARGET = 8.3;
				MTL_ENABLE_DEBUG_INFO = YES;
				ONLY_ACTIVE_ARCH = YES;
				SDKROOT = iphoneos;
			};
			name = Debug;
		};
		845DF0961B1E5E4C0049A479 /* Release */ = {
			isa = XCBuildConfiguration;
			buildSettings = {
				ALWAYS_SEARCH_USER_PATHS = NO;
				CLANG_CXX_LANGUAGE_STANDARD = "gnu++0x";
				CLANG_CXX_LIBRARY = "libc++";
				CLANG_ENABLE_MODULES = YES;
				CLANG_ENABLE_OBJC_ARC = YES;
				CLANG_WARN_BOOL_CONVERSION = YES;
				CLANG_WARN_CONSTANT_CONVERSION = YES;
				CLANG_WARN_DIRECT_OBJC_ISA_USAGE = YES_ERROR;
				CLANG_WARN_EMPTY_BODY = YES;
				CLANG_WARN_ENUM_CONVERSION = YES;
				CLANG_WARN_INT_CONVERSION = YES;
				CLANG_WARN_OBJC_ROOT_CLASS = YES_ERROR;
				CLANG_WARN_UNREACHABLE_CODE = YES;
				CLANG_WARN__DUPLICATE_METHOD_MATCH = YES;
				"CODE_SIGN_IDENTITY[sdk=iphoneos*]" = "iPhone Developer";
				COPY_PHASE_STRIP = NO;
				DEBUG_INFORMATION_FORMAT = "dwarf-with-dsym";
				ENABLE_NS_ASSERTIONS = NO;
				ENABLE_STRICT_OBJC_MSGSEND = YES;
				GCC_C_LANGUAGE_STANDARD = gnu99;
				GCC_NO_COMMON_BLOCKS = YES;
				GCC_WARN_64_TO_32_BIT_CONVERSION = YES;
				GCC_WARN_ABOUT_RETURN_TYPE = YES_ERROR;
				GCC_WARN_UNDECLARED_SELECTOR = YES;
				GCC_WARN_UNINITIALIZED_AUTOS = YES_AGGRESSIVE;
				GCC_WARN_UNUSED_FUNCTION = YES;
				GCC_WARN_UNUSED_VARIABLE = YES;
				IPHONEOS_DEPLOYMENT_TARGET = 8.3;
				MTL_ENABLE_DEBUG_INFO = NO;
				SDKROOT = iphoneos;
				VALIDATE_PRODUCT = YES;
			};
			name = Release;
		};
		845DF0981B1E5E4C0049A479 /* Debug */ = {
			isa = XCBuildConfiguration;
			buildSettings = {
				ASSETCATALOG_COMPILER_APPICON_NAME = AppIcon;
				INFOPLIST_FILE = GOTCharacters/Info.plist;
				LD_RUNPATH_SEARCH_PATHS = "$(inherited) @executable_path/Frameworks";
				PRODUCT_NAME = "$(TARGET_NAME)";
			};
			name = Debug;
		};
		845DF0991B1E5E4C0049A479 /* Release */ = {
			isa = XCBuildConfiguration;
			buildSettings = {
				ASSETCATALOG_COMPILER_APPICON_NAME = AppIcon;
				INFOPLIST_FILE = GOTCharacters/Info.plist;
				LD_RUNPATH_SEARCH_PATHS = "$(inherited) @executable_path/Frameworks";
				PRODUCT_NAME = "$(TARGET_NAME)";
			};
			name = Release;
		};
		845DF09B1B1E5E4C0049A479 /* Debug */ = {
			isa = XCBuildConfiguration;
			buildSettings = {
				BUNDLE_LOADER = "$(TEST_HOST)";
				FRAMEWORK_SEARCH_PATHS = (
					"$(SDKROOT)/Developer/Library/Frameworks",
					"$(inherited)",
				);
				GCC_PREPROCESSOR_DEFINITIONS = (
					"DEBUG=1",
					"$(inherited)",
				);
				INFOPLIST_FILE = GOTCharactersTests/Info.plist;
				LD_RUNPATH_SEARCH_PATHS = "$(inherited) @executable_path/Frameworks @loader_path/Frameworks";
				PRODUCT_NAME = "$(TARGET_NAME)";
				TEST_HOST = "$(BUILT_PRODUCTS_DIR)/GOTCharacters.app/GOTCharacters";
			};
			name = Debug;
		};
		845DF09C1B1E5E4C0049A479 /* Release */ = {
			isa = XCBuildConfiguration;
			buildSettings = {
				BUNDLE_LOADER = "$(TEST_HOST)";
				FRAMEWORK_SEARCH_PATHS = (
					"$(SDKROOT)/Developer/Library/Frameworks",
					"$(inherited)",
				);
				INFOPLIST_FILE = GOTCharactersTests/Info.plist;
				LD_RUNPATH_SEARCH_PATHS = "$(inherited) @executable_path/Frameworks @loader_path/Frameworks";
				PRODUCT_NAME = "$(TARGET_NAME)";
				TEST_HOST = "$(BUILT_PRODUCTS_DIR)/GOTCharacters.app/GOTCharacters";
			};
			name = Release;
		};
/* End XCBuildConfiguration section */

/* Begin XCConfigurationList section */
		845DF06C1B1E5E4C0049A479 /* Build configuration list for PBXProject "GOTCharacters" */ = {
			isa = XCConfigurationList;
			buildConfigurations = (
				845DF0951B1E5E4C0049A479 /* Debug */,
				845DF0961B1E5E4C0049A479 /* Release */,
			);
			defaultConfigurationIsVisible = 0;
			defaultConfigurationName = Release;
		};
		845DF0971B1E5E4C0049A479 /* Build configuration list for PBXNativeTarget "GOTCharacters" */ = {
			isa = XCConfigurationList;
			buildConfigurations = (
				845DF0981B1E5E4C0049A479 /* Debug */,
				845DF0991B1E5E4C0049A479 /* Release */,
			);
			defaultConfigurationIsVisible = 0;
		};
		845DF09A1B1E5E4C0049A479 /* Build configuration list for PBXNativeTarget "GOTCharactersTests" */ = {
			isa = XCConfigurationList;
			buildConfigurations = (
				845DF09B1B1E5E4C0049A479 /* Debug */,
				845DF09C1B1E5E4C0049A479 /* Release */,
			);
			defaultConfigurationIsVisible = 0;
		};
/* End XCConfigurationList section */

/* Begin XCVersionGroup section */
		845DF07B1B1E5E4C0049A479 /* GOTCharacters.xcdatamodeld */ = {
			isa = XCVersionGroup;
			children = (
				845DF07C1B1E5E4C0049A479 /* GOTCharacters.xcdatamodel */,
			);
			currentVersion = 845DF07C1B1E5E4C0049A479 /* GOTCharacters.xcdatamodel */;
			path = GOTCharacters.xcdatamodeld;
			sourceTree = "<group>";
			versionGroupType = wrapper.xcdatamodel;
		};
/* End XCVersionGroup section */
	};
	rootObject = 845DF0691B1E5E4C0049A479 /* Project object */;
}
